
Microsoft Visual Studio Solution File, Format Version 12.00
# Visual Studio Version 16
VisualStudioVersion = 16.0.32126.315
MinimumVisualStudioVersion = 10.0.40219.1
Project("{FAE04EC0-301F-11D3-BF4B-00C04F79EFBC}") = "Pharmacy Management", "Pharmacy Management.csproj", "{32FE4583-6189-4956-9543-A48EFD8A77C4}"
EndProject
Global
	GlobalSection(SolutionConfigurationPlatforms) = preSolution
		Debug|Any CPU = Debug|Any CPU
		Release|Any CPU = Release|Any CPU
	EndGlobalSection
	GlobalSection(ProjectConfigurationPlatforms) = postSolution
		{32FE4583-6189-4956-9543-A48EFD8A77C4}.Debug|Any CPU.ActiveCfg = Debug|Any CPU
		{32FE4583-6189-4956-9543-A48EFD8A77C4}.Debug|Any CPU.Build.0 = Debug|Any CPU
		{32FE4583-6189-4956-9543-A48EFD8A77C4}.Release|Any CPU.ActiveCfg = Release|Any CPU
		{32FE4583-6189-4956-9543-A48EFD8A77C4}.Release|Any CPU.Build.0 = Release|Any CPU
	EndGlobalSection
	GlobalSection(SolutionProperties) = preSolution
		HideSolutionNode = FALSE
	EndGlobalSection
	GlobalSection(ExtensibilityGlobals) = postSolution
		SolutionGuid = {4A31E0AF-466D-4916-A64B-A7E4F97E52DC}
	EndGlobalSection
EndGlobal
